{
    "name": "personal-website",
    "lockfileVersion": 2,
    "requires": true,
    "packages": {
        "": {
            "dependencies": {
                "mathjs": "^11.5.0",
                "vis": "^4.21.0-EOL"
            }
        },
        "node_modules/@babel/runtime": {
            "version": "7.20.6",
            "resolved": "https://registry.npmjs.org/@babel/runtime/-/runtime-7.20.6.tgz",
            "integrity": "sha512-Q+8MqP7TiHMWzSfwiJwXCjyf4GYA4Dgw3emg/7xmwsdLJOZUp+nMqcOwOzzYheuM1rhDu8FSj2l0aoMygEuXuA==",
            "dependencies": {
                "regenerator-runtime": "^0.13.11"
            },
            "engines": {
                "node": ">=6.9.0"
            }
        },
        "node_modules/complex.js": {
            "version": "2.1.1",
            "resolved": "https://registry.npmjs.org/complex.js/-/complex.js-2.1.1.tgz",
            "integrity": "sha512-8njCHOTtFFLtegk6zQo0kkVX1rngygb/KQI6z1qZxlFI3scluC+LVTCFbrkWjBv4vvLlbQ9t88IPMC6k95VTTg==",
            "engines": {
                "node": "*"
            },
            "funding": {
                "type": "patreon",
                "url": "https://www.patreon.com/infusion"
            }
        },
        "node_modules/decimal.js": {
            "version": "10.4.3",
            "resolved": "https://registry.npmjs.org/decimal.js/-/decimal.js-10.4.3.tgz",
            "integrity": "sha512-VBBaLc1MgL5XpzgIP7ny5Z6Nx3UrRkIViUkPUdtl9aya5amy3De1gsUUSB1g3+3sExYNjCAsAznmukyxCb1GRA=="
        },
        "node_modules/emitter-component": {
            "version": "1.1.1",
            "resolved": "https://registry.npmjs.org/emitter-component/-/emitter-component-1.1.1.tgz",
            "integrity": "sha512-G+mpdiAySMuB7kesVRLuyvYRqDmshB7ReKEVuyBPkzQlmiDiLrt7hHHIy4Aff552bgknVN7B2/d3lzhGO5dvpQ=="
        },
        "node_modules/escape-latex": {
            "version": "1.2.0",
            "resolved": "https://registry.npmjs.org/escape-latex/-/escape-latex-1.2.0.tgz",
            "integrity": "sha512-nV5aVWW1K0wEiUIEdZ4erkGGH8mDxGyxSeqPzRNtWP7ataw+/olFObw7hujFWlVjNsaDFw5VZ5NzVSIqRgfTiw=="
        },
        "node_modules/fraction.js": {
            "version": "4.2.0",
            "resolved": "https://registry.npmjs.org/fraction.js/-/fraction.js-4.2.0.tgz",
            "integrity": "sha512-MhLuK+2gUcnZe8ZHlaaINnQLl0xRIGRfcGk2yl8xoQAfHrSsL3rYu6FCmBdkdbhc9EPlwyGHewaRsvwRMJtAlA==",
            "engines": {
                "node": "*"
            },
            "funding": {
                "type": "patreon",
                "url": "https://www.patreon.com/infusion"
            }
        },
        "node_modules/hammerjs": {
            "version": "2.0.8",
            "resolved": "https://registry.npmjs.org/hammerjs/-/hammerjs-2.0.8.tgz",
            "integrity": "sha512-tSQXBXS/MWQOn/RKckawJ61vvsDpCom87JgxiYdGwHdOa0ht0vzUWDlfioofFCRU0L+6NGDt6XzbgoJvZkMeRQ==",
            "engines": {
                "node": ">=0.8.0"
            }
        },
        "node_modules/javascript-natural-sort": {
            "version": "0.7.1",
            "resolved": "https://registry.npmjs.org/javascript-natural-sort/-/javascript-natural-sort-0.7.1.tgz",
            "integrity": "sha512-nO6jcEfZWQXDhOiBtG2KvKyEptz7RVbpGP4vTD2hLBdmNQSsCiicO2Ioinv6UI4y9ukqnBpy+XZ9H6uLNgJTlw=="
        },
        "node_modules/keycharm": {
            "version": "0.2.0",
            "resolved": "https://registry.npmjs.org/keycharm/-/keycharm-0.2.0.tgz",
            "integrity": "sha512-i/XBRTiLqRConPKioy2oq45vbv04e8x59b0mnsIRQM+7Ec/8BC7UcL5pnC4FMeGb8KwG7q4wOMw7CtNZf5tiIg=="
        },
        "node_modules/mathjs": {
            "version": "11.5.0",
            "resolved": "https://registry.npmjs.org/mathjs/-/mathjs-11.5.0.tgz",
            "integrity": "sha512-vJ/+SqWtxjW6/aeDRt8xL3TlOVKqwN15BIyTGVqGbIWuiqgY4SxZ0yLuna82YH9CB757iFP7uJ4m3KvVBX7Qcg==",
            "dependencies": {
                "@babel/runtime": "^7.20.6",
                "complex.js": "^2.1.1",
                "decimal.js": "^10.4.3",
                "escape-latex": "^1.2.0",
                "fraction.js": "^4.2.0",
                "javascript-natural-sort": "^0.7.1",
                "seedrandom": "^3.0.5",
                "tiny-emitter": "^2.1.0",
                "typed-function": "^4.1.0"
            },
            "bin": {
                "mathjs": "bin/cli.js"
            },
            "engines": {
                "node": ">= 14"
            }
        },
        "node_modules/moment": {
            "version": "2.29.4",
            "resolved": "https://registry.npmjs.org/moment/-/moment-2.29.4.tgz",
            "integrity": "sha512-5LC9SOxjSc2HF6vO2CyuTDNivEdoz2IvyJJGj6X8DJ0eFyfszE0QiEd+iXmBvUP3WHxSjFH/vIsA0EN00cgr8w==",
            "engines": {
                "node": "*"
            }
        },
        "node_modules/propagating-hammerjs": {
            "version": "1.5.0",
            "resolved": "https://registry.npmjs.org/propagating-hammerjs/-/propagating-hammerjs-1.5.0.tgz",
            "integrity": "sha512-3PUXWmomwutoZfydC+lJwK1bKCh6sK6jZGB31RUX6+4EXzsbkDZrK4/sVR7gBrvJaEIwpTVyxQUAd29FKkmVdw==",
            "dependencies": {
                "hammerjs": "^2.0.8"
            }
        },
        "node_modules/regenerator-runtime": {
            "version": "0.13.11",
            "resolved": "https://registry.npmjs.org/regenerator-runtime/-/regenerator-runtime-0.13.11.tgz",
            "integrity": "sha512-kY1AZVr2Ra+t+piVaJ4gxaFaReZVH40AKNo7UCX6W+dEwBo/2oZJzqfuN1qLq1oL45o56cPaTXELwrTh8Fpggg=="
        },
        "node_modules/seedrandom": {
            "version": "3.0.5",
            "resolved": "https://registry.npmjs.org/seedrandom/-/seedrandom-3.0.5.tgz",
            "integrity": "sha512-8OwmbklUNzwezjGInmZ+2clQmExQPvomqjL7LFqOYqtmuxRgQYqOD3mHaU+MvZn5FLUeVxVfQjwLZW/n/JFuqg=="
        },
        "node_modules/tiny-emitter": {
            "version": "2.1.0",
            "resolved": "https://registry.npmjs.org/tiny-emitter/-/tiny-emitter-2.1.0.tgz",
            "integrity": "sha512-NB6Dk1A9xgQPMoGqC5CVXn123gWyte215ONT5Pp5a0yt4nlEoO1ZWeCwpncaekPHXO60i47ihFnZPiRPjRMq4Q=="
        },
        "node_modules/typed-function": {
            "version": "4.1.0",
            "resolved": "https://registry.npmjs.org/typed-function/-/typed-function-4.1.0.tgz",
            "integrity": "sha512-DGwUl6cioBW5gw2L+6SMupGwH/kZOqivy17E4nsh1JI9fKF87orMmlQx3KISQPmg3sfnOUGlwVkroosvgddrlg==",
            "engines": {
                "node": ">= 14"
            }
        },
        "node_modules/vis": {
            "version": "4.21.0-EOL",
            "resolved": "https://registry.npmjs.org/vis/-/vis-4.21.0-EOL.tgz",
            "integrity": "sha512-JVS1mywKg5S88XbkDJPfCb3n+vlg5fMA8Ae2hzs3KHAwD4ryM5qwlbFZ6ReDfY8te7I4NLCpuCoywJQEehvJlQ==",
            "deprecated": "Please consider using https://github.com/visjs",
            "dependencies": {
                "emitter-component": "^1.1.1",
                "hammerjs": "^2.0.8",
                "keycharm": "^0.2.0",
                "moment": "^2.18.1",
                "propagating-hammerjs": "^1.4.6"
            }
        }
    },
    "dependencies": {
        "@babel/runtime": {
            "version": "7.20.6",
            "resolved": "https://registry.npmjs.org/@babel/runtime/-/runtime-7.20.6.tgz",
            "integrity": "sha512-Q+8MqP7TiHMWzSfwiJwXCjyf4GYA4Dgw3emg/7xmwsdLJOZUp+nMqcOwOzzYheuM1rhDu8FSj2l0aoMygEuXuA==",
            "requires": {
                "regenerator-runtime": "^0.13.11"
            }
        },
        "complex.js": {
            "version": "2.1.1",
            "resolved": "https://registry.npmjs.org/complex.js/-/complex.js-2.1.1.tgz",
            "integrity": "sha512-8njCHOTtFFLtegk6zQo0kkVX1rngygb/KQI6z1qZxlFI3scluC+LVTCFbrkWjBv4vvLlbQ9t88IPMC6k95VTTg=="
        },
        "decimal.js": {
            "version": "10.4.3",
            "resolved": "https://registry.npmjs.org/decimal.js/-/decimal.js-10.4.3.tgz",
            "integrity": "sha512-VBBaLc1MgL5XpzgIP7ny5Z6Nx3UrRkIViUkPUdtl9aya5amy3De1gsUUSB1g3+3sExYNjCAsAznmukyxCb1GRA=="
        },
        "emitter-component": {
            "version": "1.1.1",
            "resolved": "https://registry.npmjs.org/emitter-component/-/emitter-component-1.1.1.tgz",
            "integrity": "sha512-G+mpdiAySMuB7kesVRLuyvYRqDmshB7ReKEVuyBPkzQlmiDiLrt7hHHIy4Aff552bgknVN7B2/d3lzhGO5dvpQ=="
        },
        "escape-latex": {
            "version": "1.2.0",
            "resolved": "https://registry.npmjs.org/escape-latex/-/escape-latex-1.2.0.tgz",
            "integrity": "sha512-nV5aVWW1K0wEiUIEdZ4erkGGH8mDxGyxSeqPzRNtWP7ataw+/olFObw7hujFWlVjNsaDFw5VZ5NzVSIqRgfTiw=="
        },
        "fraction.js": {
            "version": "4.2.0",
            "resolved": "https://registry.npmjs.org/fraction.js/-/fraction.js-4.2.0.tgz",
            "integrity": "sha512-MhLuK+2gUcnZe8ZHlaaINnQLl0xRIGRfcGk2yl8xoQAfHrSsL3rYu6FCmBdkdbhc9EPlwyGHewaRsvwRMJtAlA=="
        },
        "hammerjs": {
            "version": "2.0.8",
            "resolved": "https://registry.npmjs.org/hammerjs/-/hammerjs-2.0.8.tgz",
            "integrity": "sha512-tSQXBXS/MWQOn/RKckawJ61vvsDpCom87JgxiYdGwHdOa0ht0vzUWDlfioofFCRU0L+6NGDt6XzbgoJvZkMeRQ=="
        },
        "javascript-natural-sort": {
            "version": "0.7.1",
            "resolved": "https://registry.npmjs.org/javascript-natural-sort/-/javascript-natural-sort-0.7.1.tgz",
            "integrity": "sha512-nO6jcEfZWQXDhOiBtG2KvKyEptz7RVbpGP4vTD2hLBdmNQSsCiicO2Ioinv6UI4y9ukqnBpy+XZ9H6uLNgJTlw=="
        },
        "keycharm": {
            "version": "0.2.0",
            "resolved": "https://registry.npmjs.org/keycharm/-/keycharm-0.2.0.tgz",
            "integrity": "sha512-i/XBRTiLqRConPKioy2oq45vbv04e8x59b0mnsIRQM+7Ec/8BC7UcL5pnC4FMeGb8KwG7q4wOMw7CtNZf5tiIg=="
        },
        "mathjs": {
            "version": "11.5.0",
            "resolved": "https://registry.npmjs.org/mathjs/-/mathjs-11.5.0.tgz",
            "integrity": "sha512-vJ/+SqWtxjW6/aeDRt8xL3TlOVKqwN15BIyTGVqGbIWuiqgY4SxZ0yLuna82YH9CB757iFP7uJ4m3KvVBX7Qcg==",
            "requires": {
                "@babel/runtime": "^7.20.6",
                "complex.js": "^2.1.1",
                "decimal.js": "^10.4.3",
                "escape-latex": "^1.2.0",
                "fraction.js": "^4.2.0",
                "javascript-natural-sort": "^0.7.1",
                "seedrandom": "^3.0.5",
                "tiny-emitter": "^2.1.0",
                "typed-function": "^4.1.0"
            }
        },
        "moment": {
            "version": "2.29.4",
            "resolved": "https://registry.npmjs.org/moment/-/moment-2.29.4.tgz",
            "integrity": "sha512-5LC9SOxjSc2HF6vO2CyuTDNivEdoz2IvyJJGj6X8DJ0eFyfszE0QiEd+iXmBvUP3WHxSjFH/vIsA0EN00cgr8w=="
        },
        "propagating-hammerjs": {
            "version": "1.5.0",
            "resolved": "https://registry.npmjs.org/propagating-hammerjs/-/propagating-hammerjs-1.5.0.tgz",
            "integrity": "sha512-3PUXWmomwutoZfydC+lJwK1bKCh6sK6jZGB31RUX6+4EXzsbkDZrK4/sVR7gBrvJaEIwpTVyxQUAd29FKkmVdw==",
            "requires": {
                "hammerjs": "^2.0.8"
            }
        },
        "regenerator-runtime": {
            "version": "0.13.11",
            "resolved": "https://registry.npmjs.org/regenerator-runtime/-/regenerator-runtime-0.13.11.tgz",
            "integrity": "sha512-kY1AZVr2Ra+t+piVaJ4gxaFaReZVH40AKNo7UCX6W+dEwBo/2oZJzqfuN1qLq1oL45o56cPaTXELwrTh8Fpggg=="
        },
        "seedrandom": {
            "version": "3.0.5",
            "resolved": "https://registry.npmjs.org/seedrandom/-/seedrandom-3.0.5.tgz",
            "integrity": "sha512-8OwmbklUNzwezjGInmZ+2clQmExQPvomqjL7LFqOYqtmuxRgQYqOD3mHaU+MvZn5FLUeVxVfQjwLZW/n/JFuqg=="
        },
        "tiny-emitter": {
            "version": "2.1.0",
            "resolved": "https://registry.npmjs.org/tiny-emitter/-/tiny-emitter-2.1.0.tgz",
            "integrity": "sha512-NB6Dk1A9xgQPMoGqC5CVXn123gWyte215ONT5Pp5a0yt4nlEoO1ZWeCwpncaekPHXO60i47ihFnZPiRPjRMq4Q=="
        },
        "typed-function": {
            "version": "4.1.0",
            "resolved": "https://registry.npmjs.org/typed-function/-/typed-function-4.1.0.tgz",
            "integrity": "sha512-DGwUl6cioBW5gw2L+6SMupGwH/kZOqivy17E4nsh1JI9fKF87orMmlQx3KISQPmg3sfnOUGlwVkroosvgddrlg=="
        },
        "vis": {
            "version": "4.21.0-EOL",
            "resolved": "https://registry.npmjs.org/vis/-/vis-4.21.0-EOL.tgz",
            "integrity": "sha512-JVS1mywKg5S88XbkDJPfCb3n+vlg5fMA8Ae2hzs3KHAwD4ryM5qwlbFZ6ReDfY8te7I4NLCpuCoywJQEehvJlQ==",
            "requires": {
                "emitter-component": "^1.1.1",
                "hammerjs": "^2.0.8",
                "keycharm": "^0.2.0",
                "moment": "^2.18.1",
                "propagating-hammerjs": "^1.4.6"
            }
        }
    }
}
